
Microsoft Visual Studio Solution File, Format Version 12.00
# Visual Studio Version 17
VisualStudioVersion = 17.0.31903.59
MinimumVisualStudioVersion = 10.0.40219.1
Project("{FAE04EC0-301F-11D3-BF4B-00C04F79EFBC}") = "task1", "task1\task1.csproj", "{9821E96F-2A70-4E7A-877F-974BE6C26280}"
EndProject
Project("{FAE04EC0-301F-11D3-BF4B-00C04F79EFBC}") = "task2", "task2\task2.csproj", "{15FC6D45-DA89-4CB2-9543-BE176F8A003E}"
EndProject
Global
	GlobalSection(SolutionConfigurationPlatforms) = preSolution
		Debug|Any CPU = Debug|Any CPU
		Release|Any CPU = Release|Any CPU
	EndGlobalSection
	GlobalSection(SolutionProperties) = preSolution
		HideSolutionNode = FALSE
	EndGlobalSection
	GlobalSection(ProjectConfigurationPlatforms) = postSolution
		{9821E96F-2A70-4E7A-877F-974BE6C26280}.Debug|Any CPU.ActiveCfg = Debug|Any CPU
		{9821E96F-2A70-4E7A-877F-974BE6C26280}.Debug|Any CPU.Build.0 = Debug|Any CPU
		{9821E96F-2A70-4E7A-877F-974BE6C26280}.Release|Any CPU.ActiveCfg = Release|Any CPU
		{9821E96F-2A70-4E7A-877F-974BE6C26280}.Release|Any CPU.Build.0 = Release|Any CPU
		{15FC6D45-DA89-4CB2-9543-BE176F8A003E}.Debug|Any CPU.ActiveCfg = Debug|Any CPU
		{15FC6D45-DA89-4CB2-9543-BE176F8A003E}.Debug|Any CPU.Build.0 = Debug|Any CPU
		{15FC6D45-DA89-4CB2-9543-BE176F8A003E}.Release|Any CPU.ActiveCfg = Release|Any CPU
		{15FC6D45-DA89-4CB2-9543-BE176F8A003E}.Release|Any CPU.Build.0 = Release|Any CPU
	EndGlobalSection
EndGlobal
